
Microsoft Visual Studio Solution File, Format Version 12.00
# Visual Studio 15
Project("{FAE04EC0-301F-11D3-BF4B-00C04F79EFBC}") = "Assembly-CSharp", "Assembly-CSharp.csproj", "{DBDE0BF2-6796-FBE8-6BF2-325DD33A7FAD}"
EndProject
Global
	GlobalSection(SolutionConfigurationPlatforms) = preSolution
		Debug|Any CPU = Debug|Any CPU
		Release|Any CPU = Release|Any CPU
	EndGlobalSection
	GlobalSection(ProjectConfigurationPlatforms) = postSolution
		{DBDE0BF2-6796-FBE8-6BF2-325DD33A7FAD}.Debug|Any CPU.ActiveCfg = Debug|Any CPU
		{DBDE0BF2-6796-FBE8-6BF2-325DD33A7FAD}.Debug|Any CPU.Build.0 = Debug|Any CPU
		{DBDE0BF2-6796-FBE8-6BF2-325DD33A7FAD}.Release|Any CPU.ActiveCfg = Release|Any CPU
		{DBDE0BF2-6796-FBE8-6BF2-325DD33A7FAD}.Release|Any CPU.Build.0 = Release|Any CPU
	EndGlobalSection
	GlobalSection(SolutionProperties) = preSolution
		HideSolutionNode = FALSE
	EndGlobalSection
EndGlobal
